
Microsoft Visual Studio Solution File, Format Version 12.00
# Visual Studio Version 17
VisualStudioVersion = 17.5.33530.505
MinimumVisualStudioVersion = 10.0.40219.1
Project("{FAE04EC0-301F-11D3-BF4B-00C04F79EFBC}") = "HOTP", "HOTP\HOTP.csproj", "{24F34A21-56DF-49A2-8ACC-3A44FF0A3321}"
EndProject
Global
	GlobalSection(SolutionConfigurationPlatforms) = preSolution
		Debug|Any CPU = Debug|Any CPU
		Release|Any CPU = Release|Any CPU
	EndGlobalSection
	GlobalSection(ProjectConfigurationPlatforms) = postSolution
		{24F34A21-56DF-49A2-8ACC-3A44FF0A3321}.Debug|Any CPU.ActiveCfg = Debug|Any CPU
		{24F34A21-56DF-49A2-8ACC-3A44FF0A3321}.Debug|Any CPU.Build.0 = Debug|Any CPU
		{24F34A21-56DF-49A2-8ACC-3A44FF0A3321}.Release|Any CPU.ActiveCfg = Release|Any CPU
		{24F34A21-56DF-49A2-8ACC-3A44FF0A3321}.Release|Any CPU.Build.0 = Release|Any CPU
	EndGlobalSection
	GlobalSection(SolutionProperties) = preSolution
		HideSolutionNode = FALSE
	EndGlobalSection
	GlobalSection(ExtensibilityGlobals) = postSolution
		SolutionGuid = {18A78DCE-20E3-49B0-8D87-7B12A5150069}
	EndGlobalSection
EndGlobal
